// !$*UTF8*$!
{
	archiveVersion = 1;
	classes = {
	};
	objectVersion = 56;
	objects = {

/* Begin PBXBuildFile section */
		30B1C0702B0531A8001A2EC3 /* NetworkManager.swift in Sources */ = {isa = PBXBuildFile; fileRef = 30B1C06F2B0531A8001A2EC3 /* NetworkManager.swift */; };
		30B1C0722B0531CE001A2EC3 /* Insult.swift in Sources */ = {isa = PBXBuildFile; fileRef = 30B1C0712B0531CE001A2EC3 /* Insult.swift */; };
		30B1C0762B054BE3001A2EC3 /* InsultViewController.swift in Sources */ = {isa = PBXBuildFile; fileRef = 30B1C0752B054BE3001A2EC3 /* InsultViewController.swift */; };
		30BCF5F82B014C6500F1E6C5 /* AppDelegate.swift in Sources */ = {isa = PBXBuildFile; fileRef = 30BCF5F72B014C6500F1E6C5 /* AppDelegate.swift */; };
		30BCF5FA2B014C6500F1E6C5 /* SceneDelegate.swift in Sources */ = {isa = PBXBuildFile; fileRef = 30BCF5F92B014C6500F1E6C5 /* SceneDelegate.swift */; };
		30BCF5FC2B014C6500F1E6C5 /* StartViewController.swift in Sources */ = {isa = PBXBuildFile; fileRef = 30BCF5FB2B014C6500F1E6C5 /* StartViewController.swift */; };
		30BCF5FF2B014C6500F1E6C5 /* Main.storyboard in Resources */ = {isa = PBXBuildFile; fileRef = 30BCF5FD2B014C6500F1E6C5 /* Main.storyboard */; };
		30BCF6012B014C6700F1E6C5 /* Assets.xcassets in Resources */ = {isa = PBXBuildFile; fileRef = 30BCF6002B014C6700F1E6C5 /* Assets.xcassets */; };
		30BCF6042B014C6700F1E6C5 /* LaunchScreen.storyboard in Resources */ = {isa = PBXBuildFile; fileRef = 30BCF6022B014C6700F1E6C5 /* LaunchScreen.storyboard */; };
/* End PBXBuildFile section */

/* Begin PBXFileReference section */
		30B1C06F2B0531A8001A2EC3 /* NetworkManager.swift */ = {isa = PBXFileReference; lastKnownFileType = sourcecode.swift; path = NetworkManager.swift; sourceTree = "<group>"; };
		30B1C0712B0531CE001A2EC3 /* Insult.swift */ = {isa = PBXFileReference; lastKnownFileType = sourcecode.swift; path = Insult.swift; sourceTree = "<group>"; };
		30B1C0752B054BE3001A2EC3 /* InsultViewController.swift */ = {isa = PBXFileReference; lastKnownFileType = sourcecode.swift; path = InsultViewController.swift; sourceTree = "<group>"; };
		30BCF5F42B014C6500F1E6C5 /* insultApp.app */ = {isa = PBXFileReference; explicitFileType = wrapper.application; includeInIndex = 0; path = insultApp.app; sourceTree = BUILT_PRODUCTS_DIR; };
		30BCF5F72B014C6500F1E6C5 /* AppDelegate.swift */ = {isa = PBXFileReference; lastKnownFileType = sourcecode.swift; path = AppDelegate.swift; sourceTree = "<group>"; };
		30BCF5F92B014C6500F1E6C5 /* SceneDelegate.swift */ = {isa = PBXFileReference; lastKnownFileType = sourcecode.swift; path = SceneDelegate.swift; sourceTree = "<group>"; };
		30BCF5FB2B014C6500F1E6C5 /* StartViewController.swift */ = {isa = PBXFileReference; lastKnownFileType = sourcecode.swift; path = StartViewController.swift; sourceTree = "<group>"; };
		30BCF5FE2B014C6500F1E6C5 /* Base */ = {isa = PBXFileReference; lastKnownFileType = file.storyboard; name = Base; path = Base.lproj/Main.storyboard; sourceTree = "<group>"; };
		30BCF6002B014C6700F1E6C5 /* Assets.xcassets */ = {isa = PBXFileReference; lastKnownFileType = folder.assetcatalog; path = Assets.xcassets; sourceTree = "<group>"; };
		30BCF6032B014C6700F1E6C5 /* Base */ = {isa = PBXFileReference; lastKnownFileType = file.storyboard; name = Base; path = Base.lproj/LaunchScreen.storyboard; sourceTree = "<group>"; };
		30BCF6052B014C6700F1E6C5 /* Info.plist */ = {isa = PBXFileReference; lastKnownFileType = text.plist.xml; path = Info.plist; sourceTree = "<group>"; };
/* End PBXFileReference section */

/* Begin PBXFrameworksBuildPhase section */
		30BCF5F12B014C6500F1E6C5 /* Frameworks */ = {
			isa = PBXFrameworksBuildPhase;
			buildActionMask = 2147483647;
			files = (
			);
			runOnlyForDeploymentPostprocessing = 0;
		};
/* End PBXFrameworksBuildPhase section */

/* Begin PBXGroup section */
		30B1C0732B0531D6001A2EC3 /* Model */ = {
			isa = PBXGroup;
			children = (
				30B1C0712B0531CE001A2EC3 /* Insult.swift */,
			);
			path = Model;
			sourceTree = "<group>";
		};
		30B1C0742B0531DF001A2EC3 /* Services */ = {
			isa = PBXGroup;
			children = (
				30B1C06F2B0531A8001A2EC3 /* NetworkManager.swift */,
			);
			path = Services;
			sourceTree = "<group>";
		};
		30BCF5EB2B014C6500F1E6C5 = {
			isa = PBXGroup;
			children = (
				30BCF5F62B014C6500F1E6C5 /* insultApp */,
				30BCF5F52B014C6500F1E6C5 /* Products */,
			);
			sourceTree = "<group>";
		};
		30BCF5F52B014C6500F1E6C5 /* Products */ = {
			isa = PBXGroup;
			children = (
				30BCF5F42B014C6500F1E6C5 /* insultApp.app */,
			);
			name = Products;
			sourceTree = "<group>";
		};
		30BCF5F62B014C6500F1E6C5 /* insultApp */ = {
			isa = PBXGroup;
			children = (
				30BCF60D2B014CB600F1E6C5 /* viewControllers */,
				30BCF60C2B014C9F00F1E6C5 /* StoryBoards */,
				30BCF60B2B014C8200F1E6C5 /* SupportingFiles */,
				30BCF60E2B014CCC00F1E6C5 /* Resourses */,
			);
			path = insultApp;
			sourceTree = "<group>";
		};
		30BCF60B2B014C8200F1E6C5 /* SupportingFiles */ = {
			isa = PBXGroup;
			children = (
				30BCF5F72B014C6500F1E6C5 /* AppDelegate.swift */,
				30BCF5F92B014C6500F1E6C5 /* SceneDelegate.swift */,
				30BCF6052B014C6700F1E6C5 /* Info.plist */,
			);
			path = SupportingFiles;
			sourceTree = "<group>";
		};
		30BCF60C2B014C9F00F1E6C5 /* StoryBoards */ = {
			isa = PBXGroup;
			children = (
				30BCF5FD2B014C6500F1E6C5 /* Main.storyboard */,
				30BCF6022B014C6700F1E6C5 /* LaunchScreen.storyboard */,
			);
			path = StoryBoards;
			sourceTree = "<group>";
		};
		30BCF60D2B014CB600F1E6C5 /* viewControllers */ = {
			isa = PBXGroup;
			children = (
				30BCF5FB2B014C6500F1E6C5 /* StartViewController.swift */,
				30B1C0752B054BE3001A2EC3 /* InsultViewController.swift */,
				30B1C0742B0531DF001A2EC3 /* Services */,
				30B1C0732B0531D6001A2EC3 /* Model */,
			);
			path = viewControllers;
			sourceTree = "<group>";
		};
		30BCF60E2B014CCC00F1E6C5 /* Resourses */ = {
			isa = PBXGroup;
			children = (
				30BCF6002B014C6700F1E6C5 /* Assets.xcassets */,
			);
			path = Resourses;
			sourceTree = "<group>";
		};
/* End PBXGroup section */

/* Begin PBXNativeTarget section */
		30BCF5F32B014C6500F1E6C5 /* insultApp */ = {
			isa = PBXNativeTarget;
			buildConfigurationList = 30BCF6082B014C6700F1E6C5 /* Build configuration list for PBXNativeTarget "insultApp" */;
			buildPhases = (
				30BCF5F02B014C6500F1E6C5 /* Sources */,
				30BCF5F12B014C6500F1E6C5 /* Frameworks */,
				30BCF5F22B014C6500F1E6C5 /* Resources */,
			);
			buildRules = (
			);
			dependencies = (
			);
			name = insultApp;
			productName = insultApp;
			productReference = 30BCF5F42B014C6500F1E6C5 /* insultApp.app */;
			productType = "com.apple.product-type.application";
		};
/* End PBXNativeTarget section */

/* Begin PBXProject section */
		30BCF5EC2B014C6500F1E6C5 /* Project object */ = {
			isa = PBXProject;
			attributes = {
				BuildIndependentTargetsInParallel = 1;
				LastSwiftUpdateCheck = 1500;
				LastUpgradeCheck = 1500;
				TargetAttributes = {
					30BCF5F32B014C6500F1E6C5 = {
						CreatedOnToolsVersion = 15.0.1;
					};
				};
			};
			buildConfigurationList = 30BCF5EF2B014C6500F1E6C5 /* Build configuration list for PBXProject "insultApp" */;
			compatibilityVersion = "Xcode 14.0";
			developmentRegion = en;
			hasScannedForEncodings = 0;
			knownRegions = (
				en,
				Base,
			);
			mainGroup = 30BCF5EB2B014C6500F1E6C5;
			productRefGroup = 30BCF5F52B014C6500F1E6C5 /* Products */;
			projectDirPath = "";
			projectRoot = "";
			targets = (
				30BCF5F32B014C6500F1E6C5 /* insultApp */,
			);
		};
/* End PBXProject section */

/* Begin PBXResourcesBuildPhase section */
		30BCF5F22B014C6500F1E6C5 /* Resources */ = {
			isa = PBXResourcesBuildPhase;
			buildActionMask = 2147483647;
			files = (
				30BCF6042B014C6700F1E6C5 /* LaunchScreen.storyboard in Resources */,
				30BCF6012B014C6700F1E6C5 /* Assets.xcassets in Resources */,
				30BCF5FF2B014C6500F1E6C5 /* Main.storyboard in Resources */,
			);
			runOnlyForDeploymentPostprocessing = 0;
		};
/* End PBXResourcesBuildPhase section */

/* Begin PBXSourcesBuildPhase section */
		30BCF5F02B014C6500F1E6C5 /* Sources */ = {
			isa = PBXSourcesBuildPhase;
			buildActionMask = 2147483647;
			files = (
				30BCF5FC2B014C6500F1E6C5 /* StartViewController.swift in Sources */,
				30B1C0722B0531CE001A2EC3 /* Insult.swift in Sources */,
				30B1C0702B0531A8001A2EC3 /* NetworkManager.swift in Sources */,
				30BCF5F82B014C6500F1E6C5 /* AppDelegate.swift in Sources */,
				30BCF5FA2B014C6500F1E6C5 /* SceneDelegate.swift in Sources */,
				30B1C0762B054BE3001A2EC3 /* InsultViewController.swift in Sources */,
			);
			runOnlyForDeploymentPostprocessing = 0;
		};
/* End PBXSourcesBuildPhase section */

/* Begin PBXVariantGroup section */
		30BCF5FD2B014C6500F1E6C5 /* Main.storyboard */ = {
			isa = PBXVariantGroup;
			children = (
				30BCF5FE2B014C6500F1E6C5 /* Base */,
			);
			name = Main.storyboard;
			sourceTree = "<group>";
		};
		30BCF6022B014C6700F1E6C5 /* LaunchScreen.storyboard */ = {
			isa = PBXVariantGroup;
			children = (
				30BCF6032B014C6700F1E6C5 /* Base */,
			);
			name = LaunchScreen.storyboard;
			sourceTree = "<group>";
		};
/* End PBXVariantGroup section */

/* Begin XCBuildConfiguration section */
		30BCF6062B014C6700F1E6C5 /* Debug */ = {
			isa = XCBuildConfiguration;
			buildSettings = {
				ALWAYS_SEARCH_USER_PATHS = NO;
				ASSETCATALOG_COMPILER_GENERATE_SWIFT_ASSET_SYMBOL_EXTENSIONS = YES;
				CLANG_ANALYZER_NONNULL = YES;
				CLANG_ANALYZER_NUMBER_OBJECT_CONVERSION = YES_AGGRESSIVE;
				CLANG_CXX_LANGUAGE_STANDARD = "gnu++20";
				CLANG_ENABLE_MODULES = YES;
				CLANG_ENABLE_OBJC_ARC = YES;
				CLANG_ENABLE_OBJC_WEAK = YES;
				CLANG_WARN_BLOCK_CAPTURE_AUTORELEASING = YES;
				CLANG_WARN_BOOL_CONVERSION = YES;
				CLANG_WARN_COMMA = YES;
				CLANG_WARN_CONSTANT_CONVERSION = YES;
				CLANG_WARN_DEPRECATED_OBJC_IMPLEMENTATIONS = YES;
				CLANG_WARN_DIRECT_OBJC_ISA_USAGE = YES_ERROR;
				CLANG_WARN_DOCUMENTATION_COMMENTS = YES;
				CLANG_WARN_EMPTY_BODY = YES;
				CLANG_WARN_ENUM_CONVERSION = YES;
				CLANG_WARN_INFINITE_RECURSION = YES;
				CLANG_WARN_INT_CONVERSION = YES;
				CLANG_WARN_NON_LITERAL_NULL_CONVERSION = YES;
				CLANG_WARN_OBJC_IMPLICIT_RETAIN_SELF = YES;
				CLANG_WARN_OBJC_LITERAL_CONVERSION = YES;
				CLANG_WARN_OBJC_ROOT_CLASS = YES_ERROR;
				CLANG_WARN_QUOTED_INCLUDE_IN_FRAMEWORK_HEADER = YES;
				CLANG_WARN_RANGE_LOOP_ANALYSIS = YES;
				CLANG_WARN_STRICT_PROTOTYPES = YES;
				CLANG_WARN_SUSPICIOUS_MOVE = YES;
				CLANG_WARN_UNGUARDED_AVAILABILITY = YES_AGGRESSIVE;
				CLANG_WARN_UNREACHABLE_CODE = YES;
				CLANG_WARN__DUPLICATE_METHOD_MATCH = YES;
				COPY_PHASE_STRIP = NO;
				DEBUG_INFORMATION_FORMAT = dwarf;
				ENABLE_STRICT_OBJC_MSGSEND = YES;
				ENABLE_TESTABILITY = YES;
				ENABLE_USER_SCRIPT_SANDBOXING = YES;
				GCC_C_LANGUAGE_STANDARD = gnu17;
				GCC_DYNAMIC_NO_PIC = NO;
				GCC_NO_COMMON_BLOCKS = YES;
				GCC_OPTIMIZATION_LEVEL = 0;
				GCC_PREPROCESSOR_DEFINITIONS = (
					"DEBUG=1",
					"$(inherited)",
				);
				GCC_WARN_64_TO_32_BIT_CONVERSION = YES;
				GCC_WARN_ABOUT_RETURN_TYPE = YES_ERROR;
				GCC_WARN_UNDECLARED_SELECTOR = YES;
				GCC_WARN_UNINITIALIZED_AUTOS = YES_AGGRESSIVE;
				GCC_WARN_UNUSED_FUNCTION = YES;
				GCC_WARN_UNUSED_VARIABLE = YES;
				IPHONEOS_DEPLOYMENT_TARGET = 17.0;
				LOCALIZATION_PREFERS_STRING_CATALOGS = YES;
				MTL_ENABLE_DEBUG_INFO = INCLUDE_SOURCE;
				MTL_FAST_MATH = YES;
				ONLY_ACTIVE_ARCH = YES;
				SDKROOT = iphoneos;
				SWIFT_ACTIVE_COMPILATION_CONDITIONS = "DEBUG $(inherited)";
				SWIFT_OPTIMIZATION_LEVEL = "-Onone";
			};
			name = Debug;
		};
		30BCF6072B014C6700F1E6C5 /* Release */ = {
			isa = XCBuildConfiguration;
			buildSettings = {
				ALWAYS_SEARCH_USER_PATHS = NO;
				ASSETCATALOG_COMPILER_GENERATE_SWIFT_ASSET_SYMBOL_EXTENSIONS = YES;
				CLANG_ANALYZER_NONNULL = YES;
				CLANG_ANALYZER_NUMBER_OBJECT_CONVERSION = YES_AGGRESSIVE;
				CLANG_CXX_LANGUAGE_STANDARD = "gnu++20";
				CLANG_ENABLE_MODULES = YES;
				CLANG_ENABLE_OBJC_ARC = YES;
				CLANG_ENABLE_OBJC_WEAK = YES;
				CLANG_WARN_BLOCK_CAPTURE_AUTORELEASING = YES;
				CLANG_WARN_BOOL_CONVERSION = YES;
				CLANG_WARN_COMMA = YES;
				CLANG_WARN_CONSTANT_CONVERSION = YES;
				CLANG_WARN_DEPRECATED_OBJC_IMPLEMENTATIONS = YES;
				CLANG_WARN_DIRECT_OBJC_ISA_USAGE = YES_ERROR;
				CLANG_WARN_DOCUMENTATION_COMMENTS = YES;
				CLANG_WARN_EMPTY_BODY = YES;
				CLANG_WARN_ENUM_CONVERSION = YES;
				CLANG_WARN_INFINITE_RECURSION = YES;
				CLANG_WARN_INT_CONVERSION = YES;
				CLANG_WARN_NON_LITERAL_NULL_CONVERSION = YES;
				CLANG_WARN_OBJC_IMPLICIT_RETAIN_SELF = YES;
				CLANG_WARN_OBJC_LITERAL_CONVERSION = YES;
				CLANG_WARN_OBJC_ROOT_CLASS = YES_ERROR;
				CLANG_WARN_QUOTED_INCLUDE_IN_FRAMEWORK_HEADER = YES;
				CLANG_WARN_RANGE_LOOP_ANALYSIS = YES;
				CLANG_WARN_STRICT_PROTOTYPES = YES;
				CLANG_WARN_SUSPICIOUS_MOVE = YES;
				CLANG_WARN_UNGUARDED_AVAILABILITY = YES_AGGRESSIVE;
				CLANG_WARN_UNREACHABLE_CODE = YES;
				CLANG_WARN__DUPLICATE_METHOD_MATCH = YES;
				COPY_PHASE_STRIP = NO;
				DEBUG_INFORMATION_FORMAT = "dwarf-with-dsym";
				ENABLE_NS_ASSERTIONS = NO;
				ENABLE_STRICT_OBJC_MSGSEND = YES;
				ENABLE_USER_SCRIPT_SANDBOXING = YES;
				GCC_C_LANGUAGE_STANDARD = gnu17;
				GCC_NO_COMMON_BLOCKS = YES;
				GCC_WARN_64_TO_32_BIT_CONVERSION = YES;
				GCC_WARN_ABOUT_RETURN_TYPE = YES_ERROR;
				GCC_WARN_UNDECLARED_SELECTOR = YES;
				GCC_WARN_UNINITIALIZED_AUTOS = YES_AGGRESSIVE;
				GCC_WARN_UNUSED_FUNCTION = YES;
				GCC_WARN_UNUSED_VARIABLE = YES;
				IPHONEOS_DEPLOYMENT_TARGET = 17.0;
				LOCALIZATION_PREFERS_STRING_CATALOGS = YES;
				MTL_ENABLE_DEBUG_INFO = NO;
				MTL_FAST_MATH = YES;
				SDKROOT = iphoneos;
				SWIFT_COMPILATION_MODE = wholemodule;
				VALIDATE_PRODUCT = YES;
			};
			name = Release;
		};
		30BCF6092B014C6700F1E6C5 /* Debug */ = {
			isa = XCBuildConfiguration;
			buildSettings = {
				ASSETCATALOG_COMPILER_APPICON_NAME = AppIcon;
				ASSETCATALOG_COMPILER_GLOBAL_ACCENT_COLOR_NAME = AccentColor;
				CODE_SIGN_STYLE = Automatic;
				CURRENT_PROJECT_VERSION = 1;
				GENERATE_INFOPLIST_FILE = YES;
				INFOPLIST_FILE = insultApp/SupportingFiles/Info.plist;
				INFOPLIST_KEY_UIApplicationSupportsIndirectInputEvents = YES;
				INFOPLIST_KEY_UILaunchStoryboardName = LaunchScreen;
				INFOPLIST_KEY_UIMainStoryboardFile = Main;
				INFOPLIST_KEY_UISupportedInterfaceOrientations_iPad = "UIInterfaceOrientationPortrait UIInterfaceOrientationPortraitUpsideDown UIInterfaceOrientationLandscapeLeft UIInterfaceOrientationLandscapeRight";
				INFOPLIST_KEY_UISupportedInterfaceOrientations_iPhone = "UIInterfaceOrientationPortrait UIInterfaceOrientationLandscapeLeft UIInterfaceOrientationLandscapeRight";
				LD_RUNPATH_SEARCH_PATHS = (
					"$(inherited)",
					"@executable_path/Frameworks",
				);
				MARKETING_VERSION = 1.0;
				PRODUCT_BUNDLE_IDENTIFIER = Kondrashov.insultApp;
				PRODUCT_NAME = "$(TARGET_NAME)";
				SUPPORTED_PLATFORMS = "iphoneos iphonesimulator";
				SUPPORTS_MACCATALYST = NO;
				SUPPORTS_MAC_DESIGNED_FOR_IPHONE_IPAD = NO;
				SWIFT_EMIT_LOC_STRINGS = YES;
				SWIFT_VERSION = 5.0;
				TARGETED_DEVICE_FAMILY = 1;
			};
			name = Debug;
		};
		30BCF60A2B014C6700F1E6C5 /* Release */ = {
			isa = XCBuildConfiguration;
			buildSettings = {
				ASSETCATALOG_COMPILER_APPICON_NAME = AppIcon;
				ASSETCATALOG_COMPILER_GLOBAL_ACCENT_COLOR_NAME = AccentColor;
				CODE_SIGN_STYLE = Automatic;
				CURRENT_PROJECT_VERSION = 1;
				GENERATE_INFOPLIST_FILE = YES;
				INFOPLIST_FILE = insultApp/SupportingFiles/Info.plist;
				INFOPLIST_KEY_UIApplicationSupportsIndirectInputEvents = YES;
				INFOPLIST_KEY_UILaunchStoryboardName = LaunchScreen;
				INFOPLIST_KEY_UIMainStoryboardFile = Main;
				INFOPLIST_KEY_UISupportedInterfaceOrientations_iPad = "UIInterfaceOrientationPortrait UIInterfaceOrientationPortraitUpsideDown UIInterfaceOrientationLandscapeLeft UIInterfaceOrientationLandscapeRight";
				INFOPLIST_KEY_UISupportedInterfaceOrientations_iPhone = "UIInterfaceOrientationPortrait UIInterfaceOrientationLandscapeLeft UIInterfaceOrientationLandscapeRight";
				LD_RUNPATH_SEARCH_PATHS = (
					"$(inherited)",
					"@executable_path/Frameworks",
				);
				MARKETING_VERSION = 1.0;
				PRODUCT_BUNDLE_IDENTIFIER = Kondrashov.insultApp;
				PRODUCT_NAME = "$(TARGET_NAME)";
				SUPPORTED_PLATFORMS = "iphoneos iphonesimulator";
				SUPPORTS_MACCATALYST = NO;
				SUPPORTS_MAC_DESIGNED_FOR_IPHONE_IPAD = NO;
				SWIFT_EMIT_LOC_STRINGS = YES;
				SWIFT_VERSION = 5.0;
				TARGETED_DEVICE_FAMILY = 1;
			};
			name = Release;
		};
/* End XCBuildConfiguration section */

/* Begin XCConfigurationList section */
		30BCF5EF2B014C6500F1E6C5 /* Build configuration list for PBXProject "insultApp" */ = {
			isa = XCConfigurationList;
			buildConfigurations = (
				30BCF6062B014C6700F1E6C5 /* Debug */,
				30BCF6072B014C6700F1E6C5 /* Release */,
			);
			defaultConfigurationIsVisible = 0;
			defaultConfigurationName = Release;
		};
		30BCF6082B014C6700F1E6C5 /* Build configuration list for PBXNativeTarget "insultApp" */ = {
			isa = XCConfigurationList;
			buildConfigurations = (
				30BCF6092B014C6700F1E6C5 /* Debug */,
				30BCF60A2B014C6700F1E6C5 /* Release */,
			);
			defaultConfigurationIsVisible = 0;
			defaultConfigurationName = Release;
		};
/* End XCConfigurationList section */
	};
	rootObject = 30BCF5EC2B014C6500F1E6C5 /* Project object */;
}
